
Microsoft Visual Studio Solution File, Format Version 12.00
# Visual Studio 15
VisualStudioVersion = 15.0.27703.2018
MinimumVisualStudioVersion = 10.0.40219.1
Project("{FAE04EC0-301F-11D3-BF4B-00C04F79EFBC}") = "Asito QR Feedback.Android", "Asito QR Feedback\Asito QR Feedback.Android\Asito QR Feedback.Android.csproj", "{4E915941-2051-41B7-957D-8E5F6360BE04}"
EndProject
Project("{FAE04EC0-301F-11D3-BF4B-00C04F79EFBC}") = "Asito QR Feedback.iOS", "Asito QR Feedback\Asito QR Feedback.iOS\Asito QR Feedback.iOS.csproj", "{041994E7-A96B-4E1A-B642-49C9C341E897}"
EndProject
Project("{FAE04EC0-301F-11D3-BF4B-00C04F79EFBC}") = "Asito QR Feedback", "Asito QR Feedback\Asito QR Feedback\Asito QR Feedback.csproj", "{33471BBC-D152-4CD8-9302-8B6397B0BCB1}"
EndProject
Global
	GlobalSection(SolutionConfigurationPlatforms) = preSolution
		Ad-Hoc|Any CPU = Ad-Hoc|Any CPU
		Ad-Hoc|iPhone = Ad-Hoc|iPhone
		Ad-Hoc|iPhoneSimulator = Ad-Hoc|iPhoneSimulator
		AppStore|Any CPU = AppStore|Any CPU
		AppStore|iPhone = AppStore|iPhone
		AppStore|iPhoneSimulator = AppStore|iPhoneSimulator
		Debug|Any CPU = Debug|Any CPU
		Debug|iPhone = Debug|iPhone
		Debug|iPhoneSimulator = Debug|iPhoneSimulator
		Release|Any CPU = Release|Any CPU
		Release|iPhone = Release|iPhone
		Release|iPhoneSimulator = Release|iPhoneSimulator
	EndGlobalSection
	GlobalSection(ProjectConfigurationPlatforms) = postSolution
		{4E915941-2051-41B7-957D-8E5F6360BE04}.Ad-Hoc|Any CPU.ActiveCfg = Release|Any CPU
		{4E915941-2051-41B7-957D-8E5F6360BE04}.Ad-Hoc|Any CPU.Build.0 = Release|Any CPU
		{4E915941-2051-41B7-957D-8E5F6360BE04}.Ad-Hoc|Any CPU.Deploy.0 = Release|Any CPU
		{4E915941-2051-41B7-957D-8E5F6360BE04}.Ad-Hoc|iPhone.ActiveCfg = Release|Any CPU
		{4E915941-2051-41B7-957D-8E5F6360BE04}.Ad-Hoc|iPhone.Build.0 = Release|Any CPU
		{4E915941-2051-41B7-957D-8E5F6360BE04}.Ad-Hoc|iPhone.Deploy.0 = Release|Any CPU
		{4E915941-2051-41B7-957D-8E5F6360BE04}.Ad-Hoc|iPhoneSimulator.ActiveCfg = Release|Any CPU
		{4E915941-2051-41B7-957D-8E5F6360BE04}.Ad-Hoc|iPhoneSimulator.Build.0 = Release|Any CPU
		{4E915941-2051-41B7-957D-8E5F6360BE04}.Ad-Hoc|iPhoneSimulator.Deploy.0 = Release|Any CPU
		{4E915941-2051-41B7-957D-8E5F6360BE04}.AppStore|Any CPU.ActiveCfg = Release|Any CPU
		{4E915941-2051-41B7-957D-8E5F6360BE04}.AppStore|Any CPU.Build.0 = Release|Any CPU
		{4E915941-2051-41B7-957D-8E5F6360BE04}.AppStore|Any CPU.Deploy.0 = Release|Any CPU
		{4E915941-2051-41B7-957D-8E5F6360BE04}.AppStore|iPhone.ActiveCfg = Release|Any CPU
		{4E915941-2051-41B7-957D-8E5F6360BE04}.AppStore|iPhone.Build.0 = Release|Any CPU
		{4E915941-2051-41B7-957D-8E5F6360BE04}.AppStore|iPhone.Deploy.0 = Release|Any CPU
		{4E915941-2051-41B7-957D-8E5F6360BE04}.AppStore|iPhoneSimulator.ActiveCfg = Release|Any CPU
		{4E915941-2051-41B7-957D-8E5F6360BE04}.AppStore|iPhoneSimulator.Build.0 = Release|Any CPU
		{4E915941-2051-41B7-957D-8E5F6360BE04}.AppStore|iPhoneSimulator.Deploy.0 = Release|Any CPU
		{4E915941-2051-41B7-957D-8E5F6360BE04}.Debug|Any CPU.ActiveCfg = Debug|Any CPU
		{4E915941-2051-41B7-957D-8E5F6360BE04}.Debug|Any CPU.Build.0 = Debug|Any CPU
		{4E915941-2051-41B7-957D-8E5F6360BE04}.Debug|Any CPU.Deploy.0 = Debug|Any CPU
		{4E915941-2051-41B7-957D-8E5F6360BE04}.Debug|iPhone.ActiveCfg = Debug|Any CPU
		{4E915941-2051-41B7-957D-8E5F6360BE04}.Debug|iPhone.Build.0 = Debug|Any CPU
		{4E915941-2051-41B7-957D-8E5F6360BE04}.Debug|iPhone.Deploy.0 = Debug|Any CPU
		{4E915941-2051-41B7-957D-8E5F6360BE04}.Debug|iPhoneSimulator.ActiveCfg = Debug|Any CPU
		{4E915941-2051-41B7-957D-8E5F6360BE04}.Debug|iPhoneSimulator.Build.0 = Debug|Any CPU
		{4E915941-2051-41B7-957D-8E5F6360BE04}.Debug|iPhoneSimulator.Deploy.0 = Debug|Any CPU
		{4E915941-2051-41B7-957D-8E5F6360BE04}.Release|Any CPU.ActiveCfg = Release|Any CPU
		{4E915941-2051-41B7-957D-8E5F6360BE04}.Release|Any CPU.Build.0 = Release|Any CPU
		{4E915941-2051-41B7-957D-8E5F6360BE04}.Release|Any CPU.Deploy.0 = Release|Any CPU
		{4E915941-2051-41B7-957D-8E5F6360BE04}.Release|iPhone.ActiveCfg = Release|Any CPU
		{4E915941-2051-41B7-957D-8E5F6360BE04}.Release|iPhone.Build.0 = Release|Any CPU
		{4E915941-2051-41B7-957D-8E5F6360BE04}.Release|iPhone.Deploy.0 = Release|Any CPU
		{4E915941-2051-41B7-957D-8E5F6360BE04}.Release|iPhoneSimulator.ActiveCfg = Release|Any CPU
		{4E915941-2051-41B7-957D-8E5F6360BE04}.Release|iPhoneSimulator.Build.0 = Release|Any CPU
		{4E915941-2051-41B7-957D-8E5F6360BE04}.Release|iPhoneSimulator.Deploy.0 = Release|Any CPU
		{041994E7-A96B-4E1A-B642-49C9C341E897}.Ad-Hoc|Any CPU.ActiveCfg = Ad-Hoc|iPhone
		{041994E7-A96B-4E1A-B642-49C9C341E897}.Ad-Hoc|Any CPU.Build.0 = Ad-Hoc|iPhone
		{041994E7-A96B-4E1A-B642-49C9C341E897}.Ad-Hoc|Any CPU.Deploy.0 = Ad-Hoc|iPhone
		{041994E7-A96B-4E1A-B642-49C9C341E897}.Ad-Hoc|iPhone.ActiveCfg = Ad-Hoc|iPhone
		{041994E7-A96B-4E1A-B642-49C9C341E897}.Ad-Hoc|iPhone.Build.0 = Ad-Hoc|iPhone
		{041994E7-A96B-4E1A-B642-49C9C341E897}.Ad-Hoc|iPhone.Deploy.0 = Ad-Hoc|iPhone
		{041994E7-A96B-4E1A-B642-49C9C341E897}.Ad-Hoc|iPhoneSimulator.ActiveCfg = Ad-Hoc|iPhoneSimulator
		{041994E7-A96B-4E1A-B642-49C9C341E897}.Ad-Hoc|iPhoneSimulator.Build.0 = Ad-Hoc|iPhoneSimulator
		{041994E7-A96B-4E1A-B642-49C9C341E897}.Ad-Hoc|iPhoneSimulator.Deploy.0 = Ad-Hoc|iPhoneSimulator
		{041994E7-A96B-4E1A-B642-49C9C341E897}.AppStore|Any CPU.ActiveCfg = AppStore|iPhone
		{041994E7-A96B-4E1A-B642-49C9C341E897}.AppStore|Any CPU.Build.0 = AppStore|iPhone
		{041994E7-A96B-4E1A-B642-49C9C341E897}.AppStore|Any CPU.Deploy.0 = AppStore|iPhone
		{041994E7-A96B-4E1A-B642-49C9C341E897}.AppStore|iPhone.ActiveCfg = AppStore|iPhone
		{041994E7-A96B-4E1A-B642-49C9C341E897}.AppStore|iPhone.Build.0 = AppStore|iPhone
		{041994E7-A96B-4E1A-B642-49C9C341E897}.AppStore|iPhone.Deploy.0 = AppStore|iPhone
		{041994E7-A96B-4E1A-B642-49C9C341E897}.AppStore|iPhoneSimulator.ActiveCfg = AppStore|iPhoneSimulator
		{041994E7-A96B-4E1A-B642-49C9C341E897}.AppStore|iPhoneSimulator.Build.0 = AppStore|iPhoneSimulator
		{041994E7-A96B-4E1A-B642-49C9C341E897}.AppStore|iPhoneSimulator.Deploy.0 = AppStore|iPhoneSimulator
		{041994E7-A96B-4E1A-B642-49C9C341E897}.Debug|Any CPU.ActiveCfg = Debug|iPhoneSimulator
		{041994E7-A96B-4E1A-B642-49C9C341E897}.Debug|Any CPU.Build.0 = Debug|iPhoneSimulator
		{041994E7-A96B-4E1A-B642-49C9C341E897}.Debug|Any CPU.Deploy.0 = Debug|iPhoneSimulator
		{041994E7-A96B-4E1A-B642-49C9C341E897}.Debug|iPhone.ActiveCfg = Debug|iPhone
		{041994E7-A96B-4E1A-B642-49C9C341E897}.Debug|iPhone.Build.0 = Debug|iPhone
		{041994E7-A96B-4E1A-B642-49C9C341E897}.Debug|iPhone.Deploy.0 = Debug|iPhone
		{041994E7-A96B-4E1A-B642-49C9C341E897}.Debug|iPhoneSimulator.ActiveCfg = Debug|iPhoneSimulator
		{041994E7-A96B-4E1A-B642-49C9C341E897}.Debug|iPhoneSimulator.Build.0 = Debug|iPhoneSimulator
		{041994E7-A96B-4E1A-B642-49C9C341E897}.Debug|iPhoneSimulator.Deploy.0 = Debug|iPhoneSimulator
		{041994E7-A96B-4E1A-B642-49C9C341E897}.Release|Any CPU.ActiveCfg = Release|iPhone
		{041994E7-A96B-4E1A-B642-49C9C341E897}.Release|Any CPU.Build.0 = Release|iPhone
		{041994E7-A96B-4E1A-B642-49C9C341E897}.Release|Any CPU.Deploy.0 = Release|iPhone
		{041994E7-A96B-4E1A-B642-49C9C341E897}.Release|iPhone.ActiveCfg = Release|iPhone
		{041994E7-A96B-4E1A-B642-49C9C341E897}.Release|iPhone.Build.0 = Release|iPhone
		{041994E7-A96B-4E1A-B642-49C9C341E897}.Release|iPhone.Deploy.0 = Release|iPhone
		{041994E7-A96B-4E1A-B642-49C9C341E897}.Release|iPhoneSimulator.ActiveCfg = Release|iPhoneSimulator
		{041994E7-A96B-4E1A-B642-49C9C341E897}.Release|iPhoneSimulator.Build.0 = Release|iPhoneSimulator
		{041994E7-A96B-4E1A-B642-49C9C341E897}.Release|iPhoneSimulator.Deploy.0 = Release|iPhoneSimulator
		{33471BBC-D152-4CD8-9302-8B6397B0BCB1}.Ad-Hoc|Any CPU.ActiveCfg = Debug|Any CPU
		{33471BBC-D152-4CD8-9302-8B6397B0BCB1}.Ad-Hoc|Any CPU.Build.0 = Debug|Any CPU
		{33471BBC-D152-4CD8-9302-8B6397B0BCB1}.Ad-Hoc|Any CPU.Deploy.0 = Debug|Any CPU
		{33471BBC-D152-4CD8-9302-8B6397B0BCB1}.Ad-Hoc|iPhone.ActiveCfg = Debug|Any CPU
		{33471BBC-D152-4CD8-9302-8B6397B0BCB1}.Ad-Hoc|iPhone.Build.0 = Debug|Any CPU
		{33471BBC-D152-4CD8-9302-8B6397B0BCB1}.Ad-Hoc|iPhone.Deploy.0 = Debug|Any CPU
		{33471BBC-D152-4CD8-9302-8B6397B0BCB1}.Ad-Hoc|iPhoneSimulator.ActiveCfg = Debug|Any CPU
		{33471BBC-D152-4CD8-9302-8B6397B0BCB1}.Ad-Hoc|iPhoneSimulator.Build.0 = Debug|Any CPU
		{33471BBC-D152-4CD8-9302-8B6397B0BCB1}.Ad-Hoc|iPhoneSimulator.Deploy.0 = Debug|Any CPU
		{33471BBC-D152-4CD8-9302-8B6397B0BCB1}.AppStore|Any CPU.ActiveCfg = Debug|Any CPU
		{33471BBC-D152-4CD8-9302-8B6397B0BCB1}.AppStore|Any CPU.Build.0 = Debug|Any CPU
		{33471BBC-D152-4CD8-9302-8B6397B0BCB1}.AppStore|Any CPU.Deploy.0 = Debug|Any CPU
		{33471BBC-D152-4CD8-9302-8B6397B0BCB1}.AppStore|iPhone.ActiveCfg = Debug|Any CPU
		{33471BBC-D152-4CD8-9302-8B6397B0BCB1}.AppStore|iPhone.Build.0 = Debug|Any CPU
		{33471BBC-D152-4CD8-9302-8B6397B0BCB1}.AppStore|iPhone.Deploy.0 = Debug|Any CPU
		{33471BBC-D152-4CD8-9302-8B6397B0BCB1}.AppStore|iPhoneSimulator.ActiveCfg = Debug|Any CPU
		{33471BBC-D152-4CD8-9302-8B6397B0BCB1}.AppStore|iPhoneSimulator.Build.0 = Debug|Any CPU
		{33471BBC-D152-4CD8-9302-8B6397B0BCB1}.AppStore|iPhoneSimulator.Deploy.0 = Debug|Any CPU
		{33471BBC-D152-4CD8-9302-8B6397B0BCB1}.Debug|Any CPU.ActiveCfg = Debug|Any CPU
		{33471BBC-D152-4CD8-9302-8B6397B0BCB1}.Debug|Any CPU.Build.0 = Debug|Any CPU
		{33471BBC-D152-4CD8-9302-8B6397B0BCB1}.Debug|Any CPU.Deploy.0 = Debug|Any CPU
		{33471BBC-D152-4CD8-9302-8B6397B0BCB1}.Debug|iPhone.ActiveCfg = Debug|Any CPU
		{33471BBC-D152-4CD8-9302-8B6397B0BCB1}.Debug|iPhone.Build.0 = Debug|Any CPU
		{33471BBC-D152-4CD8-9302-8B6397B0BCB1}.Debug|iPhone.Deploy.0 = Debug|Any CPU
		{33471BBC-D152-4CD8-9302-8B6397B0BCB1}.Debug|iPhoneSimulator.ActiveCfg = Debug|Any CPU
		{33471BBC-D152-4CD8-9302-8B6397B0BCB1}.Debug|iPhoneSimulator.Build.0 = Debug|Any CPU
		{33471BBC-D152-4CD8-9302-8B6397B0BCB1}.Debug|iPhoneSimulator.Deploy.0 = Debug|Any CPU
		{33471BBC-D152-4CD8-9302-8B6397B0BCB1}.Release|Any CPU.ActiveCfg = Release|Any CPU
		{33471BBC-D152-4CD8-9302-8B6397B0BCB1}.Release|Any CPU.Build.0 = Release|Any CPU
		{33471BBC-D152-4CD8-9302-8B6397B0BCB1}.Release|Any CPU.Deploy.0 = Release|Any CPU
		{33471BBC-D152-4CD8-9302-8B6397B0BCB1}.Release|iPhone.ActiveCfg = Release|Any CPU
		{33471BBC-D152-4CD8-9302-8B6397B0BCB1}.Release|iPhone.Build.0 = Release|Any CPU
		{33471BBC-D152-4CD8-9302-8B6397B0BCB1}.Release|iPhone.Deploy.0 = Release|Any CPU
		{33471BBC-D152-4CD8-9302-8B6397B0BCB1}.Release|iPhoneSimulator.ActiveCfg = Release|Any CPU
		{33471BBC-D152-4CD8-9302-8B6397B0BCB1}.Release|iPhoneSimulator.Build.0 = Release|Any CPU
		{33471BBC-D152-4CD8-9302-8B6397B0BCB1}.Release|iPhoneSimulator.Deploy.0 = Release|Any CPU
	EndGlobalSection
	GlobalSection(SolutionProperties) = preSolution
		HideSolutionNode = FALSE
	EndGlobalSection
	GlobalSection(ExtensibilityGlobals) = postSolution
		SolutionGuid = {6B679424-ACCA-465B-9B4D-B47B0926AF34}
	EndGlobalSection
EndGlobal
